
Microsoft Visual Studio Solution File, Format Version 12.00
# Visual Studio Version 17
VisualStudioVersion = 17.7.34018.315
MinimumVisualStudioVersion = 10.0.40219.1
Project("{FAE04EC0-301F-11D3-BF4B-00C04F79EFBC}") = "ex1", "ex1.csproj", "{23FC03A1-DE94-47F0-A7CD-5CE19263CEFA}"
EndProject
Global
	GlobalSection(SolutionConfigurationPlatforms) = preSolution
		Debug|Any CPU = Debug|Any CPU
		Release|Any CPU = Release|Any CPU
	EndGlobalSection
	GlobalSection(ProjectConfigurationPlatforms) = postSolution
		{23FC03A1-DE94-47F0-A7CD-5CE19263CEFA}.Debug|Any CPU.ActiveCfg = Debug|Any CPU
		{23FC03A1-DE94-47F0-A7CD-5CE19263CEFA}.Debug|Any CPU.Build.0 = Debug|Any CPU
		{23FC03A1-DE94-47F0-A7CD-5CE19263CEFA}.Release|Any CPU.ActiveCfg = Release|Any CPU
		{23FC03A1-DE94-47F0-A7CD-5CE19263CEFA}.Release|Any CPU.Build.0 = Release|Any CPU
	EndGlobalSection
	GlobalSection(SolutionProperties) = preSolution
		HideSolutionNode = FALSE
	EndGlobalSection
	GlobalSection(ExtensibilityGlobals) = postSolution
		SolutionGuid = {18885D70-2267-4BD5-8B2A-DEF4A3E44614}
	EndGlobalSection
EndGlobal
